{
    "version": 3,
    "terraform_version": "0.11.11",
    "serial": 2,
    "lineage": "f31c7f37-e41f-f839-60ff-72ffecd412a5",
    "modules": [
        {
            "path": [
                "root"
            ],
            "outputs": {
                "NodeBalancer IP Address": {
                    "sensitive": false,
                    "type": "string",
                    "value": "104.237.148.85"
                }
            },
            "resources": {
                "linode_instance.base-linode.0": {
                    "type": "linode_instance",
                    "depends_on": [
                        "random_string.password"
                    ],
                    "primary": {
                        "id": "12423558",
                        "attributes": {
                            "alerts.#": "1",
                            "alerts.0.cpu": "90",
                            "alerts.0.io": "10000",
                            "alerts.0.network_in": "10",
                            "alerts.0.network_out": "10",
                            "alerts.0.transfer_quota": "80",
                            "backups.#": "1",
                            "boot_config_label": "My Ubuntu 18.10 Disk Profile",
                            "config.#": "1",
                            "config.0.comments": "",
                            "config.0.devices.#": "1",
                            "config.0.devices.0.sda.#": "1",
                            "config.0.devices.0.sda.0.disk_id": "26051880",
                            "config.0.devices.0.sda.0.disk_label": "Ubuntu 18.10 Disk",
                            "config.0.devices.0.sda.0.volume_id": "0",
                            "config.0.devices.0.sdb.#": "1",
                            "config.0.devices.0.sdb.0.disk_id": "26051881",
                            "config.0.devices.0.sdb.0.disk_label": "512 MB Swap Image",
                            "config.0.devices.0.sdb.0.volume_id": "0",
                            "config.0.devices.0.sdc.#": "0",
                            "config.0.devices.0.sdd.#": "0",
                            "config.0.devices.0.sde.#": "0",
                            "config.0.devices.0.sdf.#": "0",
                            "config.0.devices.0.sdg.#": "0",
                            "config.0.devices.0.sdh.#": "0",
                            "config.0.helpers.#": "1",
                            "config.0.helpers.0.devtmpfs_automount": "true",
                            "config.0.helpers.0.distro": "true",
                            "config.0.helpers.0.modules_dep": "true",
                            "config.0.helpers.0.network": "true",
                            "config.0.helpers.0.updatedb_disabled": "true",
                            "config.0.kernel": "linode/grub2",
                            "config.0.label": "My Ubuntu 18.10 Disk Profile",
                            "config.0.memory_limit": "0",
                            "config.0.root_device": "/dev/root",
                            "config.0.run_level": "default",
                            "config.0.virt_mode": "paravirt",
                            "disk.#": "2",
                            "disk.0.authorized_keys.#": "0",
                            "disk.0.authorized_users.#": "0",
                            "disk.0.filesystem": "ext4",
                            "disk.0.id": "26051880",
                            "disk.0.image": "",
                            "disk.0.label": "Ubuntu 18.10 Disk",
                            "disk.0.read_only": "false",
                            "disk.0.root_pass": "",
                            "disk.0.size": "25088",
                            "disk.0.stackscript_data.%": "0",
                            "disk.0.stackscript_id": "0",
                            "disk.1.authorized_keys.#": "0",
                            "disk.1.authorized_users.#": "0",
                            "disk.1.filesystem": "swap",
                            "disk.1.id": "26051881",
                            "disk.1.image": "",
                            "disk.1.label": "512 MB Swap Image",
                            "disk.1.read_only": "false",
                            "disk.1.root_pass": "",
                            "disk.1.size": "512",
                            "disk.1.stackscript_data.%": "0",
                            "disk.1.stackscript_id": "0",
                            "group": "",
                            "id": "12423558",
                            "image": "linode/ubuntu18.10",
                            "ip_address": "66.228.46.220",
                            "ipv4.#": "2",
                            "ipv4.1381553200": "66.228.46.220",
                            "ipv4.1657188279": "192.168.202.127",
                            "ipv6": "2600:3c03::f03c:91ff:fe17:29de/64",
                            "label": "example-instance-1",
                            "private_ip": "true",
                            "private_ip_address": "192.168.202.127",
                            "region": "us-east",
                            "root_pass": "3D2JGArLcrfprI8Vw8JdV8h+CeSCNXm+zTWzbAxsSnCkJDtvNmgaRoklU35dcB9Z4yIdzgEqpGWBD7Wryh1PIg==",
                            "specs.#": "1",
                            "specs.0.disk": "25600",
                            "specs.0.memory": "1024",
                            "specs.0.transfer": "1000",
                            "specs.0.vcpus": "1",
                            "status": "running",
                            "swap_size": "512",
                            "tags.#": "1",
                            "tags.2055327912": "nodebalancer",
                            "type": "g6-nanode-1",
                            "watchdog_enabled": "true"
                        },
                        "meta": {
                            "e2bfb730-ecaa-11e6-8f88-34363bc7c4c0": {
                                "create": 600000000000,
                                "delete": 600000000000,
                                "update": 1200000000000
                            }
                        },
                        "tainted": false
                    },
                    "deposed": [],
                    "provider": "provider.linode"
                },
                "linode_instance.base-linode.1": {
                    "type": "linode_instance",
                    "depends_on": [
                        "random_string.password"
                    ],
                    "primary": {
                        "id": "12423560",
                        "attributes": {
                            "alerts.#": "1",
                            "alerts.0.cpu": "90",
                            "alerts.0.io": "10000",
                            "alerts.0.network_in": "10",
                            "alerts.0.network_out": "10",
                            "alerts.0.transfer_quota": "80",
                            "backups.#": "1",
                            "boot_config_label": "My Ubuntu 18.10 Disk Profile",
                            "config.#": "1",
                            "config.0.comments": "",
                            "config.0.devices.#": "1",
                            "config.0.devices.0.sda.#": "1",
                            "config.0.devices.0.sda.0.disk_id": "26051884",
                            "config.0.devices.0.sda.0.disk_label": "Ubuntu 18.10 Disk",
                            "config.0.devices.0.sda.0.volume_id": "0",
                            "config.0.devices.0.sdb.#": "1",
                            "config.0.devices.0.sdb.0.disk_id": "26051885",
                            "config.0.devices.0.sdb.0.disk_label": "512 MB Swap Image",
                            "config.0.devices.0.sdb.0.volume_id": "0",
                            "config.0.devices.0.sdc.#": "0",
                            "config.0.devices.0.sdd.#": "0",
                            "config.0.devices.0.sde.#": "0",
                            "config.0.devices.0.sdf.#": "0",
                            "config.0.devices.0.sdg.#": "0",
                            "config.0.devices.0.sdh.#": "0",
                            "config.0.helpers.#": "1",
                            "config.0.helpers.0.devtmpfs_automount": "true",
                            "config.0.helpers.0.distro": "true",
                            "config.0.helpers.0.modules_dep": "true",
                            "config.0.helpers.0.network": "true",
                            "config.0.helpers.0.updatedb_disabled": "true",
                            "config.0.kernel": "linode/grub2",
                            "config.0.label": "My Ubuntu 18.10 Disk Profile",
                            "config.0.memory_limit": "0",
                            "config.0.root_device": "/dev/root",
                            "config.0.run_level": "default",
                            "config.0.virt_mode": "paravirt",
                            "disk.#": "2",
                            "disk.0.authorized_keys.#": "0",
                            "disk.0.authorized_users.#": "0",
                            "disk.0.filesystem": "ext4",
                            "disk.0.id": "26051884",
                            "disk.0.image": "",
                            "disk.0.label": "Ubuntu 18.10 Disk",
                            "disk.0.read_only": "false",
                            "disk.0.root_pass": "",
                            "disk.0.size": "25088",
                            "disk.0.stackscript_data.%": "0",
                            "disk.0.stackscript_id": "0",
                            "disk.1.authorized_keys.#": "0",
                            "disk.1.authorized_users.#": "0",
                            "disk.1.filesystem": "swap",
                            "disk.1.id": "26051885",
                            "disk.1.image": "",
                            "disk.1.label": "512 MB Swap Image",
                            "disk.1.read_only": "false",
                            "disk.1.root_pass": "",
                            "disk.1.size": "512",
                            "disk.1.stackscript_data.%": "0",
                            "disk.1.stackscript_id": "0",
                            "group": "",
                            "id": "12423560",
                            "image": "linode/ubuntu18.10",
                            "ip_address": "45.79.143.171",
                            "ipv4.#": "2",
                            "ipv4.2492644834": "192.168.176.44",
                            "ipv4.2695036525": "45.79.143.171",
                            "ipv6": "2600:3c03::f03c:91ff:fe17:2956/64",
                            "label": "example-instance-2",
                            "private_ip": "true",
                            "private_ip_address": "192.168.176.44",
                            "region": "us-east",
                            "root_pass": "3D2JGArLcrfprI8Vw8JdV8h+CeSCNXm+zTWzbAxsSnCkJDtvNmgaRoklU35dcB9Z4yIdzgEqpGWBD7Wryh1PIg==",
                            "specs.#": "1",
                            "specs.0.disk": "25600",
                            "specs.0.memory": "1024",
                            "specs.0.transfer": "1000",
                            "specs.0.vcpus": "1",
                            "status": "running",
                            "swap_size": "512",
                            "tags.#": "1",
                            "tags.2055327912": "nodebalancer",
                            "type": "g6-nanode-1",
                            "watchdog_enabled": "true"
                        },
                        "meta": {
                            "e2bfb730-ecaa-11e6-8f88-34363bc7c4c0": {
                                "create": 600000000000,
                                "delete": 600000000000,
                                "update": 1200000000000
                            }
                        },
                        "tainted": false
                    },
                    "deposed": [],
                    "provider": "provider.linode"
                },
                "linode_instance.web.0": {
                    "type": "linode_instance",
                    "depends_on": [
                        "random_string.password"
                    ],
                    "primary": {
                        "id": "12423545",
                        "attributes": {
                            "alerts.#": "1",
                            "alerts.0.cpu": "90",
                            "alerts.0.io": "10000",
                            "alerts.0.network_in": "10",
                            "alerts.0.network_out": "10",
                            "alerts.0.transfer_quota": "80",
                            "authorized_keys.#": "1",
                            "authorized_keys.0": "ssh-rsa AAAAB3NzaC1yc2EAAAADAQABAAACAQCxnmbiQtV6GPK3MLsDeOLgVUQ9o9dOQIT1UonaHE/E/QgBwc01ctCkJm+uZsGiwkOUG0Te7Fsq5PUxONebGpc3QGoe6Ioht5oCMttLjN1zYz3Gph7OydxViEAIbuUmwdCapgzBwrP5PS6W02qA8hZTMdPl+vBY8rsGwRxIfih/3WT+If+zTxbmXYkznthmk1qUKjC7I05aEYkoMqFIO4L3eSrY5m/poqMqHtKG5he9bwdT925nerNPLtjripvBlrNk3Isl1ivmvQ66KzX16+AsHlKwicELiOvDR4ZUWovegsZr70HD5anzzlU451kiXeSWZ0cmWlJ0jk57c/xYCI9ySmNEEAki7ABe654jhFw9DXERYZNDe+jhE6vMatAi6aI3DW7wUq+joTuBtIq1Hp2iWgVGQx2lhZ8ZZc+bhqT61RfOi+kTvg9BbswHGz8bG+ztwiXIaWWhMWn/1nkk0QwWJ9W/eSvDFvGVMpvjcWkZUFEKrLQtai1GnxFYSYw9GXjawMjoLyKLluq61uSBRTq9RIw5G+8j8/FAOlBuilK4oGLcKP3fObjT4Lx1EQAt/jZ7cd4bA6A3o9yVGgtyUly66Vzhe0UfqUKgFkKv7h0AOZJqvSnZ2XANji4VadH8T56Ld2/c2dQtvsL/xjxsP7X5FA0n1gnvQH2k8dvaDLO7Rw== jkobos@Linodes-MacBook-Pro.local",
                            "backups.#": "1",
                            "boot_config_label": "My Ubuntu 18.04 LTS Disk Profile",
                            "config.#": "1",
                            "config.0.comments": "",
                            "config.0.devices.#": "1",
                            "config.0.devices.0.sda.#": "1",
                            "config.0.devices.0.sda.0.disk_id": "26051870",
                            "config.0.devices.0.sda.0.disk_label": "Ubuntu 18.04 LTS Disk",
                            "config.0.devices.0.sda.0.volume_id": "0",
                            "config.0.devices.0.sdb.#": "1",
                            "config.0.devices.0.sdb.0.disk_id": "26051871",
                            "config.0.devices.0.sdb.0.disk_label": "512 MB Swap Image",
                            "config.0.devices.0.sdb.0.volume_id": "0",
                            "config.0.devices.0.sdc.#": "0",
                            "config.0.devices.0.sdd.#": "0",
                            "config.0.devices.0.sde.#": "0",
                            "config.0.devices.0.sdf.#": "0",
                            "config.0.devices.0.sdg.#": "0",
                            "config.0.devices.0.sdh.#": "0",
                            "config.0.helpers.#": "1",
                            "config.0.helpers.0.devtmpfs_automount": "true",
                            "config.0.helpers.0.distro": "true",
                            "config.0.helpers.0.modules_dep": "true",
                            "config.0.helpers.0.network": "true",
                            "config.0.helpers.0.updatedb_disabled": "true",
                            "config.0.kernel": "linode/grub2",
                            "config.0.label": "My Ubuntu 18.04 LTS Disk Profile",
                            "config.0.memory_limit": "0",
                            "config.0.root_device": "/dev/root",
                            "config.0.run_level": "default",
                            "config.0.virt_mode": "paravirt",
                            "disk.#": "2",
                            "disk.0.authorized_keys.#": "0",
                            "disk.0.authorized_users.#": "0",
                            "disk.0.filesystem": "ext4",
                            "disk.0.id": "26051870",
                            "disk.0.image": "",
                            "disk.0.label": "Ubuntu 18.04 LTS Disk",
                            "disk.0.read_only": "false",
                            "disk.0.root_pass": "",
                            "disk.0.size": "81408",
                            "disk.0.stackscript_data.%": "0",
                            "disk.0.stackscript_id": "0",
                            "disk.1.authorized_keys.#": "0",
                            "disk.1.authorized_users.#": "0",
                            "disk.1.filesystem": "swap",
                            "disk.1.id": "26051871",
                            "disk.1.image": "",
                            "disk.1.label": "512 MB Swap Image",
                            "disk.1.read_only": "false",
                            "disk.1.root_pass": "",
                            "disk.1.size": "512",
                            "disk.1.stackscript_data.%": "0",
                            "disk.1.stackscript_id": "0",
                            "group": "",
                            "id": "12423545",
                            "image": "linode/ubuntu18.04",
                            "ip_address": "45.33.81.16",
                            "ipv4.#": "1",
                            "ipv4.3457470060": "45.33.81.16",
                            "ipv6": "2600:3c03::f03c:91ff:fe17:2905/64",
                            "label": "webserver-1",
                            "private_ip": "false",
                            "region": "us-east",
                            "root_pass": "3D2JGArLcrfprI8Vw8JdV8h+CeSCNXm+zTWzbAxsSnCkJDtvNmgaRoklU35dcB9Z4yIdzgEqpGWBD7Wryh1PIg==",
                            "specs.#": "1",
                            "specs.0.disk": "81920",
                            "specs.0.memory": "4096",
                            "specs.0.transfer": "4000",
                            "specs.0.vcpus": "2",
                            "status": "running",
                            "swap_size": "512",
                            "tags.#": "3",
                            "tags.2138091251": "web",
                            "tags.3285191008": "production",
                            "tags.535570215": "terraform",
                            "type": "g6-standard-2",
                            "watchdog_enabled": "true"
                        },
                        "meta": {
                            "e2bfb730-ecaa-11e6-8f88-34363bc7c4c0": {
                                "create": 600000000000,
                                "delete": 600000000000,
                                "update": 1200000000000
                            }
                        },
                        "tainted": false
                    },
                    "deposed": [],
                    "provider": "provider.linode"
                },
                "linode_instance.web.1": {
                    "type": "linode_instance",
                    "depends_on": [
                        "random_string.password"
                    ],
                    "primary": {
                        "id": "12423556",
                        "attributes": {
                            "alerts.#": "1",
                            "alerts.0.cpu": "90",
                            "alerts.0.io": "10000",
                            "alerts.0.network_in": "10",
                            "alerts.0.network_out": "10",
                            "alerts.0.transfer_quota": "80",
                            "authorized_keys.#": "1",
                            "authorized_keys.0": "ssh-rsa AAAAB3NzaC1yc2EAAAADAQABAAACAQCxnmbiQtV6GPK3MLsDeOLgVUQ9o9dOQIT1UonaHE/E/QgBwc01ctCkJm+uZsGiwkOUG0Te7Fsq5PUxONebGpc3QGoe6Ioht5oCMttLjN1zYz3Gph7OydxViEAIbuUmwdCapgzBwrP5PS6W02qA8hZTMdPl+vBY8rsGwRxIfih/3WT+If+zTxbmXYkznthmk1qUKjC7I05aEYkoMqFIO4L3eSrY5m/poqMqHtKG5he9bwdT925nerNPLtjripvBlrNk3Isl1ivmvQ66KzX16+AsHlKwicELiOvDR4ZUWovegsZr70HD5anzzlU451kiXeSWZ0cmWlJ0jk57c/xYCI9ySmNEEAki7ABe654jhFw9DXERYZNDe+jhE6vMatAi6aI3DW7wUq+joTuBtIq1Hp2iWgVGQx2lhZ8ZZc+bhqT61RfOi+kTvg9BbswHGz8bG+ztwiXIaWWhMWn/1nkk0QwWJ9W/eSvDFvGVMpvjcWkZUFEKrLQtai1GnxFYSYw9GXjawMjoLyKLluq61uSBRTq9RIw5G+8j8/FAOlBuilK4oGLcKP3fObjT4Lx1EQAt/jZ7cd4bA6A3o9yVGgtyUly66Vzhe0UfqUKgFkKv7h0AOZJqvSnZ2XANji4VadH8T56Ld2/c2dQtvsL/xjxsP7X5FA0n1gnvQH2k8dvaDLO7Rw== jkobos@Linodes-MacBook-Pro.local",
                            "backups.#": "1",
                            "boot_config_label": "My Ubuntu 18.04 LTS Disk Profile",
                            "config.#": "1",
                            "config.0.comments": "",
                            "config.0.devices.#": "1",
                            "config.0.devices.0.sda.#": "1",
                            "config.0.devices.0.sda.0.disk_id": "26051876",
                            "config.0.devices.0.sda.0.disk_label": "Ubuntu 18.04 LTS Disk",
                            "config.0.devices.0.sda.0.volume_id": "0",
                            "config.0.devices.0.sdb.#": "1",
                            "config.0.devices.0.sdb.0.disk_id": "26051877",
                            "config.0.devices.0.sdb.0.disk_label": "512 MB Swap Image",
                            "config.0.devices.0.sdb.0.volume_id": "0",
                            "config.0.devices.0.sdc.#": "0",
                            "config.0.devices.0.sdd.#": "0",
                            "config.0.devices.0.sde.#": "0",
                            "config.0.devices.0.sdf.#": "0",
                            "config.0.devices.0.sdg.#": "0",
                            "config.0.devices.0.sdh.#": "0",
                            "config.0.helpers.#": "1",
                            "config.0.helpers.0.devtmpfs_automount": "true",
                            "config.0.helpers.0.distro": "true",
                            "config.0.helpers.0.modules_dep": "true",
                            "config.0.helpers.0.network": "true",
                            "config.0.helpers.0.updatedb_disabled": "true",
                            "config.0.kernel": "linode/grub2",
                            "config.0.label": "My Ubuntu 18.04 LTS Disk Profile",
                            "config.0.memory_limit": "0",
                            "config.0.root_device": "/dev/root",
                            "config.0.run_level": "default",
                            "config.0.virt_mode": "paravirt",
                            "disk.#": "2",
                            "disk.0.authorized_keys.#": "0",
                            "disk.0.authorized_users.#": "0",
                            "disk.0.filesystem": "ext4",
                            "disk.0.id": "26051876",
                            "disk.0.image": "",
                            "disk.0.label": "Ubuntu 18.04 LTS Disk",
                            "disk.0.read_only": "false",
                            "disk.0.root_pass": "",
                            "disk.0.size": "81408",
                            "disk.0.stackscript_data.%": "0",
                            "disk.0.stackscript_id": "0",
                            "disk.1.authorized_keys.#": "0",
                            "disk.1.authorized_users.#": "0",
                            "disk.1.filesystem": "swap",
                            "disk.1.id": "26051877",
                            "disk.1.image": "",
                            "disk.1.label": "512 MB Swap Image",
                            "disk.1.read_only": "false",
                            "disk.1.root_pass": "",
                            "disk.1.size": "512",
                            "disk.1.stackscript_data.%": "0",
                            "disk.1.stackscript_id": "0",
                            "group": "",
                            "id": "12423556",
                            "image": "linode/ubuntu18.04",
                            "ip_address": "45.33.68.90",
                            "ipv4.#": "1",
                            "ipv4.2705800019": "45.33.68.90",
                            "ipv6": "2600:3c03::f03c:91ff:fe17:2978/64",
                            "label": "webserver-2",
                            "private_ip": "false",
                            "region": "us-east",
                            "root_pass": "3D2JGArLcrfprI8Vw8JdV8h+CeSCNXm+zTWzbAxsSnCkJDtvNmgaRoklU35dcB9Z4yIdzgEqpGWBD7Wryh1PIg==",
                            "specs.#": "1",
                            "specs.0.disk": "81920",
                            "specs.0.memory": "4096",
                            "specs.0.transfer": "4000",
                            "specs.0.vcpus": "2",
                            "status": "running",
                            "swap_size": "512",
                            "tags.#": "3",
                            "tags.2138091251": "web",
                            "tags.3285191008": "production",
                            "tags.535570215": "terraform",
                            "type": "g6-standard-2",
                            "watchdog_enabled": "true"
                        },
                        "meta": {
                            "e2bfb730-ecaa-11e6-8f88-34363bc7c4c0": {
                                "create": 600000000000,
                                "delete": 600000000000,
                                "update": 1200000000000
                            }
                        },
                        "tainted": false
                    },
                    "deposed": [],
                    "provider": "provider.linode"
                },
                "linode_instance.web.2": {
                    "type": "linode_instance",
                    "depends_on": [
                        "random_string.password"
                    ],
                    "primary": {
                        "id": "12423540",
                        "attributes": {
                            "alerts.#": "1",
                            "alerts.0.cpu": "90",
                            "alerts.0.io": "10000",
                            "alerts.0.network_in": "10",
                            "alerts.0.network_out": "10",
                            "alerts.0.transfer_quota": "80",
                            "authorized_keys.#": "1",
                            "authorized_keys.0": "ssh-rsa AAAAB3NzaC1yc2EAAAADAQABAAACAQCxnmbiQtV6GPK3MLsDeOLgVUQ9o9dOQIT1UonaHE/E/QgBwc01ctCkJm+uZsGiwkOUG0Te7Fsq5PUxONebGpc3QGoe6Ioht5oCMttLjN1zYz3Gph7OydxViEAIbuUmwdCapgzBwrP5PS6W02qA8hZTMdPl+vBY8rsGwRxIfih/3WT+If+zTxbmXYkznthmk1qUKjC7I05aEYkoMqFIO4L3eSrY5m/poqMqHtKG5he9bwdT925nerNPLtjripvBlrNk3Isl1ivmvQ66KzX16+AsHlKwicELiOvDR4ZUWovegsZr70HD5anzzlU451kiXeSWZ0cmWlJ0jk57c/xYCI9ySmNEEAki7ABe654jhFw9DXERYZNDe+jhE6vMatAi6aI3DW7wUq+joTuBtIq1Hp2iWgVGQx2lhZ8ZZc+bhqT61RfOi+kTvg9BbswHGz8bG+ztwiXIaWWhMWn/1nkk0QwWJ9W/eSvDFvGVMpvjcWkZUFEKrLQtai1GnxFYSYw9GXjawMjoLyKLluq61uSBRTq9RIw5G+8j8/FAOlBuilK4oGLcKP3fObjT4Lx1EQAt/jZ7cd4bA6A3o9yVGgtyUly66Vzhe0UfqUKgFkKv7h0AOZJqvSnZ2XANji4VadH8T56Ld2/c2dQtvsL/xjxsP7X5FA0n1gnvQH2k8dvaDLO7Rw== jkobos@Linodes-MacBook-Pro.local",
                            "backups.#": "1",
                            "boot_config_label": "My Ubuntu 18.04 LTS Disk Profile",
                            "config.#": "1",
                            "config.0.comments": "",
                            "config.0.devices.#": "1",
                            "config.0.devices.0.sda.#": "1",
                            "config.0.devices.0.sda.0.disk_id": "26051868",
                            "config.0.devices.0.sda.0.disk_label": "Ubuntu 18.04 LTS Disk",
                            "config.0.devices.0.sda.0.volume_id": "0",
                            "config.0.devices.0.sdb.#": "1",
                            "config.0.devices.0.sdb.0.disk_id": "26051869",
                            "config.0.devices.0.sdb.0.disk_label": "512 MB Swap Image",
                            "config.0.devices.0.sdb.0.volume_id": "0",
                            "config.0.devices.0.sdc.#": "0",
                            "config.0.devices.0.sdd.#": "0",
                            "config.0.devices.0.sde.#": "0",
                            "config.0.devices.0.sdf.#": "0",
                            "config.0.devices.0.sdg.#": "0",
                            "config.0.devices.0.sdh.#": "0",
                            "config.0.helpers.#": "1",
                            "config.0.helpers.0.devtmpfs_automount": "true",
                            "config.0.helpers.0.distro": "true",
                            "config.0.helpers.0.modules_dep": "true",
                            "config.0.helpers.0.network": "true",
                            "config.0.helpers.0.updatedb_disabled": "true",
                            "config.0.kernel": "linode/grub2",
                            "config.0.label": "My Ubuntu 18.04 LTS Disk Profile",
                            "config.0.memory_limit": "0",
                            "config.0.root_device": "/dev/root",
                            "config.0.run_level": "default",
                            "config.0.virt_mode": "paravirt",
                            "disk.#": "2",
                            "disk.0.authorized_keys.#": "0",
                            "disk.0.authorized_users.#": "0",
                            "disk.0.filesystem": "ext4",
                            "disk.0.id": "26051868",
                            "disk.0.image": "",
                            "disk.0.label": "Ubuntu 18.04 LTS Disk",
                            "disk.0.read_only": "false",
                            "disk.0.root_pass": "",
                            "disk.0.size": "81408",
                            "disk.0.stackscript_data.%": "0",
                            "disk.0.stackscript_id": "0",
                            "disk.1.authorized_keys.#": "0",
                            "disk.1.authorized_users.#": "0",
                            "disk.1.filesystem": "swap",
                            "disk.1.id": "26051869",
                            "disk.1.image": "",
                            "disk.1.label": "512 MB Swap Image",
                            "disk.1.read_only": "false",
                            "disk.1.root_pass": "",
                            "disk.1.size": "512",
                            "disk.1.stackscript_data.%": "0",
                            "disk.1.stackscript_id": "0",
                            "group": "",
                            "id": "12423540",
                            "image": "linode/ubuntu18.04",
                            "ip_address": "173.255.235.174",
                            "ipv4.#": "1",
                            "ipv4.137614072": "173.255.235.174",
                            "ipv6": "2600:3c03::f03c:91ff:fe17:2912/64",
                            "label": "webserver-3",
                            "private_ip": "false",
                            "region": "us-east",
                            "root_pass": "3D2JGArLcrfprI8Vw8JdV8h+CeSCNXm+zTWzbAxsSnCkJDtvNmgaRoklU35dcB9Z4yIdzgEqpGWBD7Wryh1PIg==",
                            "specs.#": "1",
                            "specs.0.disk": "81920",
                            "specs.0.memory": "4096",
                            "specs.0.transfer": "4000",
                            "specs.0.vcpus": "2",
                            "status": "running",
                            "swap_size": "512",
                            "tags.#": "3",
                            "tags.2138091251": "web",
                            "tags.3285191008": "production",
                            "tags.535570215": "terraform",
                            "type": "g6-standard-2",
                            "watchdog_enabled": "true"
                        },
                        "meta": {
                            "e2bfb730-ecaa-11e6-8f88-34363bc7c4c0": {
                                "create": 600000000000,
                                "delete": 600000000000,
                                "update": 1200000000000
                            }
                        },
                        "tainted": false
                    },
                    "deposed": [],
                    "provider": "provider.linode"
                },
                "linode_instance.web.3": {
                    "type": "linode_instance",
                    "depends_on": [
                        "random_string.password"
                    ],
                    "primary": {
                        "id": "12423550",
                        "attributes": {
                            "alerts.#": "1",
                            "alerts.0.cpu": "90",
                            "alerts.0.io": "10000",
                            "alerts.0.network_in": "10",
                            "alerts.0.network_out": "10",
                            "alerts.0.transfer_quota": "80",
                            "authorized_keys.#": "1",
                            "authorized_keys.0": "ssh-rsa AAAAB3NzaC1yc2EAAAADAQABAAACAQCxnmbiQtV6GPK3MLsDeOLgVUQ9o9dOQIT1UonaHE/E/QgBwc01ctCkJm+uZsGiwkOUG0Te7Fsq5PUxONebGpc3QGoe6Ioht5oCMttLjN1zYz3Gph7OydxViEAIbuUmwdCapgzBwrP5PS6W02qA8hZTMdPl+vBY8rsGwRxIfih/3WT+If+zTxbmXYkznthmk1qUKjC7I05aEYkoMqFIO4L3eSrY5m/poqMqHtKG5he9bwdT925nerNPLtjripvBlrNk3Isl1ivmvQ66KzX16+AsHlKwicELiOvDR4ZUWovegsZr70HD5anzzlU451kiXeSWZ0cmWlJ0jk57c/xYCI9ySmNEEAki7ABe654jhFw9DXERYZNDe+jhE6vMatAi6aI3DW7wUq+joTuBtIq1Hp2iWgVGQx2lhZ8ZZc+bhqT61RfOi+kTvg9BbswHGz8bG+ztwiXIaWWhMWn/1nkk0QwWJ9W/eSvDFvGVMpvjcWkZUFEKrLQtai1GnxFYSYw9GXjawMjoLyKLluq61uSBRTq9RIw5G+8j8/FAOlBuilK4oGLcKP3fObjT4Lx1EQAt/jZ7cd4bA6A3o9yVGgtyUly66Vzhe0UfqUKgFkKv7h0AOZJqvSnZ2XANji4VadH8T56Ld2/c2dQtvsL/xjxsP7X5FA0n1gnvQH2k8dvaDLO7Rw== jkobos@Linodes-MacBook-Pro.local",
                            "backups.#": "1",
                            "boot_config_label": "My Ubuntu 18.04 LTS Disk Profile",
                            "config.#": "1",
                            "config.0.comments": "",
                            "config.0.devices.#": "1",
                            "config.0.devices.0.sda.#": "1",
                            "config.0.devices.0.sda.0.disk_id": "26051872",
                            "config.0.devices.0.sda.0.disk_label": "Ubuntu 18.04 LTS Disk",
                            "config.0.devices.0.sda.0.volume_id": "0",
                            "config.0.devices.0.sdb.#": "1",
                            "config.0.devices.0.sdb.0.disk_id": "26051873",
                            "config.0.devices.0.sdb.0.disk_label": "512 MB Swap Image",
                            "config.0.devices.0.sdb.0.volume_id": "0",
                            "config.0.devices.0.sdc.#": "0",
                            "config.0.devices.0.sdd.#": "0",
                            "config.0.devices.0.sde.#": "0",
                            "config.0.devices.0.sdf.#": "0",
                            "config.0.devices.0.sdg.#": "0",
                            "config.0.devices.0.sdh.#": "0",
                            "config.0.helpers.#": "1",
                            "config.0.helpers.0.devtmpfs_automount": "true",
                            "config.0.helpers.0.distro": "true",
                            "config.0.helpers.0.modules_dep": "true",
                            "config.0.helpers.0.network": "true",
                            "config.0.helpers.0.updatedb_disabled": "true",
                            "config.0.kernel": "linode/grub2",
                            "config.0.label": "My Ubuntu 18.04 LTS Disk Profile",
                            "config.0.memory_limit": "0",
                            "config.0.root_device": "/dev/root",
                            "config.0.run_level": "default",
                            "config.0.virt_mode": "paravirt",
                            "disk.#": "2",
                            "disk.0.authorized_keys.#": "0",
                            "disk.0.authorized_users.#": "0",
                            "disk.0.filesystem": "ext4",
                            "disk.0.id": "26051872",
                            "disk.0.image": "",
                            "disk.0.label": "Ubuntu 18.04 LTS Disk",
                            "disk.0.read_only": "false",
                            "disk.0.root_pass": "",
                            "disk.0.size": "81408",
                            "disk.0.stackscript_data.%": "0",
                            "disk.0.stackscript_id": "0",
                            "disk.1.authorized_keys.#": "0",
                            "disk.1.authorized_users.#": "0",
                            "disk.1.filesystem": "swap",
                            "disk.1.id": "26051873",
                            "disk.1.image": "",
                            "disk.1.label": "512 MB Swap Image",
                            "disk.1.read_only": "false",
                            "disk.1.root_pass": "",
                            "disk.1.size": "512",
                            "disk.1.stackscript_data.%": "0",
                            "disk.1.stackscript_id": "0",
                            "group": "",
                            "id": "12423550",
                            "image": "linode/ubuntu18.04",
                            "ip_address": "45.56.104.83",
                            "ipv4.#": "1",
                            "ipv4.3739480962": "45.56.104.83",
                            "ipv6": "2600:3c03::f03c:91ff:fe17:29fa/64",
                            "label": "webserver-4",
                            "private_ip": "false",
                            "region": "us-east",
                            "root_pass": "3D2JGArLcrfprI8Vw8JdV8h+CeSCNXm+zTWzbAxsSnCkJDtvNmgaRoklU35dcB9Z4yIdzgEqpGWBD7Wryh1PIg==",
                            "specs.#": "1",
                            "specs.0.disk": "81920",
                            "specs.0.memory": "4096",
                            "specs.0.transfer": "4000",
                            "specs.0.vcpus": "2",
                            "status": "running",
                            "swap_size": "512",
                            "tags.#": "3",
                            "tags.2138091251": "web",
                            "tags.3285191008": "production",
                            "tags.535570215": "terraform",
                            "type": "g6-standard-2",
                            "watchdog_enabled": "true"
                        },
                        "meta": {
                            "e2bfb730-ecaa-11e6-8f88-34363bc7c4c0": {
                                "create": 600000000000,
                                "delete": 600000000000,
                                "update": 1200000000000
                            }
                        },
                        "tainted": false
                    },
                    "deposed": [],
                    "provider": "provider.linode"
                },
                "linode_instance.web.4": {
                    "type": "linode_instance",
                    "depends_on": [
                        "random_string.password"
                    ],
                    "primary": {
                        "id": "12423557",
                        "attributes": {
                            "alerts.#": "1",
                            "alerts.0.cpu": "90",
                            "alerts.0.io": "10000",
                            "alerts.0.network_in": "10",
                            "alerts.0.network_out": "10",
                            "alerts.0.transfer_quota": "80",
                            "authorized_keys.#": "1",
                            "authorized_keys.0": "ssh-rsa AAAAB3NzaC1yc2EAAAADAQABAAACAQCxnmbiQtV6GPK3MLsDeOLgVUQ9o9dOQIT1UonaHE/E/QgBwc01ctCkJm+uZsGiwkOUG0Te7Fsq5PUxONebGpc3QGoe6Ioht5oCMttLjN1zYz3Gph7OydxViEAIbuUmwdCapgzBwrP5PS6W02qA8hZTMdPl+vBY8rsGwRxIfih/3WT+If+zTxbmXYkznthmk1qUKjC7I05aEYkoMqFIO4L3eSrY5m/poqMqHtKG5he9bwdT925nerNPLtjripvBlrNk3Isl1ivmvQ66KzX16+AsHlKwicELiOvDR4ZUWovegsZr70HD5anzzlU451kiXeSWZ0cmWlJ0jk57c/xYCI9ySmNEEAki7ABe654jhFw9DXERYZNDe+jhE6vMatAi6aI3DW7wUq+joTuBtIq1Hp2iWgVGQx2lhZ8ZZc+bhqT61RfOi+kTvg9BbswHGz8bG+ztwiXIaWWhMWn/1nkk0QwWJ9W/eSvDFvGVMpvjcWkZUFEKrLQtai1GnxFYSYw9GXjawMjoLyKLluq61uSBRTq9RIw5G+8j8/FAOlBuilK4oGLcKP3fObjT4Lx1EQAt/jZ7cd4bA6A3o9yVGgtyUly66Vzhe0UfqUKgFkKv7h0AOZJqvSnZ2XANji4VadH8T56Ld2/c2dQtvsL/xjxsP7X5FA0n1gnvQH2k8dvaDLO7Rw== jkobos@Linodes-MacBook-Pro.local",
                            "backups.#": "1",
                            "boot_config_label": "My Ubuntu 18.04 LTS Disk Profile",
                            "config.#": "1",
                            "config.0.comments": "",
                            "config.0.devices.#": "1",
                            "config.0.devices.0.sda.#": "1",
                            "config.0.devices.0.sda.0.disk_id": "26051878",
                            "config.0.devices.0.sda.0.disk_label": "Ubuntu 18.04 LTS Disk",
                            "config.0.devices.0.sda.0.volume_id": "0",
                            "config.0.devices.0.sdb.#": "1",
                            "config.0.devices.0.sdb.0.disk_id": "26051879",
                            "config.0.devices.0.sdb.0.disk_label": "512 MB Swap Image",
                            "config.0.devices.0.sdb.0.volume_id": "0",
                            "config.0.devices.0.sdc.#": "0",
                            "config.0.devices.0.sdd.#": "0",
                            "config.0.devices.0.sde.#": "0",
                            "config.0.devices.0.sdf.#": "0",
                            "config.0.devices.0.sdg.#": "0",
                            "config.0.devices.0.sdh.#": "0",
                            "config.0.helpers.#": "1",
                            "config.0.helpers.0.devtmpfs_automount": "true",
                            "config.0.helpers.0.distro": "true",
                            "config.0.helpers.0.modules_dep": "true",
                            "config.0.helpers.0.network": "true",
                            "config.0.helpers.0.updatedb_disabled": "true",
                            "config.0.kernel": "linode/grub2",
                            "config.0.label": "My Ubuntu 18.04 LTS Disk Profile",
                            "config.0.memory_limit": "0",
                            "config.0.root_device": "/dev/root",
                            "config.0.run_level": "default",
                            "config.0.virt_mode": "paravirt",
                            "disk.#": "2",
                            "disk.0.authorized_keys.#": "0",
                            "disk.0.authorized_users.#": "0",
                            "disk.0.filesystem": "ext4",
                            "disk.0.id": "26051878",
                            "disk.0.image": "",
                            "disk.0.label": "Ubuntu 18.04 LTS Disk",
                            "disk.0.read_only": "false",
                            "disk.0.root_pass": "",
                            "disk.0.size": "81408",
                            "disk.0.stackscript_data.%": "0",
                            "disk.0.stackscript_id": "0",
                            "disk.1.authorized_keys.#": "0",
                            "disk.1.authorized_users.#": "0",
                            "disk.1.filesystem": "swap",
                            "disk.1.id": "26051879",
                            "disk.1.image": "",
                            "disk.1.label": "512 MB Swap Image",
                            "disk.1.read_only": "false",
                            "disk.1.root_pass": "",
                            "disk.1.size": "512",
                            "disk.1.stackscript_data.%": "0",
                            "disk.1.stackscript_id": "0",
                            "group": "",
                            "id": "12423557",
                            "image": "linode/ubuntu18.04",
                            "ip_address": "97.107.133.235",
                            "ipv4.#": "1",
                            "ipv4.3468272980": "97.107.133.235",
                            "ipv6": "2600:3c03::f03c:91ff:fe17:2909/64",
                            "label": "webserver-5",
                            "private_ip": "false",
                            "region": "us-east",
                            "root_pass": "3D2JGArLcrfprI8Vw8JdV8h+CeSCNXm+zTWzbAxsSnCkJDtvNmgaRoklU35dcB9Z4yIdzgEqpGWBD7Wryh1PIg==",
                            "specs.#": "1",
                            "specs.0.disk": "81920",
                            "specs.0.memory": "4096",
                            "specs.0.transfer": "4000",
                            "specs.0.vcpus": "2",
                            "status": "running",
                            "swap_size": "512",
                            "tags.#": "3",
                            "tags.2138091251": "web",
                            "tags.3285191008": "production",
                            "tags.535570215": "terraform",
                            "type": "g6-standard-2",
                            "watchdog_enabled": "true"
                        },
                        "meta": {
                            "e2bfb730-ecaa-11e6-8f88-34363bc7c4c0": {
                                "create": 600000000000,
                                "delete": 600000000000,
                                "update": 1200000000000
                            }
                        },
                        "tainted": false
                    },
                    "deposed": [],
                    "provider": "provider.linode"
                },
                "linode_instance.web.5": {
                    "type": "linode_instance",
                    "depends_on": [
                        "random_string.password"
                    ],
                    "primary": {
                        "id": "12423562",
                        "attributes": {
                            "alerts.#": "1",
                            "alerts.0.cpu": "90",
                            "alerts.0.io": "10000",
                            "alerts.0.network_in": "10",
                            "alerts.0.network_out": "10",
                            "alerts.0.transfer_quota": "80",
                            "authorized_keys.#": "1",
                            "authorized_keys.0": "ssh-rsa AAAAB3NzaC1yc2EAAAADAQABAAACAQCxnmbiQtV6GPK3MLsDeOLgVUQ9o9dOQIT1UonaHE/E/QgBwc01ctCkJm+uZsGiwkOUG0Te7Fsq5PUxONebGpc3QGoe6Ioht5oCMttLjN1zYz3Gph7OydxViEAIbuUmwdCapgzBwrP5PS6W02qA8hZTMdPl+vBY8rsGwRxIfih/3WT+If+zTxbmXYkznthmk1qUKjC7I05aEYkoMqFIO4L3eSrY5m/poqMqHtKG5he9bwdT925nerNPLtjripvBlrNk3Isl1ivmvQ66KzX16+AsHlKwicELiOvDR4ZUWovegsZr70HD5anzzlU451kiXeSWZ0cmWlJ0jk57c/xYCI9ySmNEEAki7ABe654jhFw9DXERYZNDe+jhE6vMatAi6aI3DW7wUq+joTuBtIq1Hp2iWgVGQx2lhZ8ZZc+bhqT61RfOi+kTvg9BbswHGz8bG+ztwiXIaWWhMWn/1nkk0QwWJ9W/eSvDFvGVMpvjcWkZUFEKrLQtai1GnxFYSYw9GXjawMjoLyKLluq61uSBRTq9RIw5G+8j8/FAOlBuilK4oGLcKP3fObjT4Lx1EQAt/jZ7cd4bA6A3o9yVGgtyUly66Vzhe0UfqUKgFkKv7h0AOZJqvSnZ2XANji4VadH8T56Ld2/c2dQtvsL/xjxsP7X5FA0n1gnvQH2k8dvaDLO7Rw== jkobos@Linodes-MacBook-Pro.local",
                            "backups.#": "1",
                            "boot_config_label": "My Ubuntu 18.04 LTS Disk Profile",
                            "config.#": "1",
                            "config.0.comments": "",
                            "config.0.devices.#": "1",
                            "config.0.devices.0.sda.#": "1",
                            "config.0.devices.0.sda.0.disk_id": "26051890",
                            "config.0.devices.0.sda.0.disk_label": "Ubuntu 18.04 LTS Disk",
                            "config.0.devices.0.sda.0.volume_id": "0",
                            "config.0.devices.0.sdb.#": "1",
                            "config.0.devices.0.sdb.0.disk_id": "26051891",
                            "config.0.devices.0.sdb.0.disk_label": "512 MB Swap Image",
                            "config.0.devices.0.sdb.0.volume_id": "0",
                            "config.0.devices.0.sdc.#": "0",
                            "config.0.devices.0.sdd.#": "0",
                            "config.0.devices.0.sde.#": "0",
                            "config.0.devices.0.sdf.#": "0",
                            "config.0.devices.0.sdg.#": "0",
                            "config.0.devices.0.sdh.#": "0",
                            "config.0.helpers.#": "1",
                            "config.0.helpers.0.devtmpfs_automount": "true",
                            "config.0.helpers.0.distro": "true",
                            "config.0.helpers.0.modules_dep": "true",
                            "config.0.helpers.0.network": "true",
                            "config.0.helpers.0.updatedb_disabled": "true",
                            "config.0.kernel": "linode/grub2",
                            "config.0.label": "My Ubuntu 18.04 LTS Disk Profile",
                            "config.0.memory_limit": "0",
                            "config.0.root_device": "/dev/root",
                            "config.0.run_level": "default",
                            "config.0.virt_mode": "paravirt",
                            "disk.#": "2",
                            "disk.0.authorized_keys.#": "0",
                            "disk.0.authorized_users.#": "0",
                            "disk.0.filesystem": "ext4",
                            "disk.0.id": "26051890",
                            "disk.0.image": "",
                            "disk.0.label": "Ubuntu 18.04 LTS Disk",
                            "disk.0.read_only": "false",
                            "disk.0.root_pass": "",
                            "disk.0.size": "81408",
                            "disk.0.stackscript_data.%": "0",
                            "disk.0.stackscript_id": "0",
                            "disk.1.authorized_keys.#": "0",
                            "disk.1.authorized_users.#": "0",
                            "disk.1.filesystem": "swap",
                            "disk.1.id": "26051891",
                            "disk.1.image": "",
                            "disk.1.label": "512 MB Swap Image",
                            "disk.1.read_only": "false",
                            "disk.1.root_pass": "",
                            "disk.1.size": "512",
                            "disk.1.stackscript_data.%": "0",
                            "disk.1.stackscript_id": "0",
                            "group": "",
                            "id": "12423562",
                            "image": "linode/ubuntu18.04",
                            "ip_address": "45.79.181.202",
                            "ipv4.#": "1",
                            "ipv4.371056570": "45.79.181.202",
                            "ipv6": "2600:3c03::f03c:91ff:fe17:296c/64",
                            "label": "webserver-6",
                            "private_ip": "false",
                            "region": "us-east",
                            "root_pass": "3D2JGArLcrfprI8Vw8JdV8h+CeSCNXm+zTWzbAxsSnCkJDtvNmgaRoklU35dcB9Z4yIdzgEqpGWBD7Wryh1PIg==",
                            "specs.#": "1",
                            "specs.0.disk": "81920",
                            "specs.0.memory": "4096",
                            "specs.0.transfer": "4000",
                            "specs.0.vcpus": "2",
                            "status": "running",
                            "swap_size": "512",
                            "tags.#": "3",
                            "tags.2138091251": "web",
                            "tags.3285191008": "production",
                            "tags.535570215": "terraform",
                            "type": "g6-standard-2",
                            "watchdog_enabled": "true"
                        },
                        "meta": {
                            "e2bfb730-ecaa-11e6-8f88-34363bc7c4c0": {
                                "create": 600000000000,
                                "delete": 600000000000,
                                "update": 1200000000000
                            }
                        },
                        "tainted": false
                    },
                    "deposed": [],
                    "provider": "provider.linode"
                },
                "linode_instance.web.6": {
                    "type": "linode_instance",
                    "depends_on": [
                        "random_string.password"
                    ],
                    "primary": {
                        "id": "12423554",
                        "attributes": {
                            "alerts.#": "1",
                            "alerts.0.cpu": "90",
                            "alerts.0.io": "10000",
                            "alerts.0.network_in": "10",
                            "alerts.0.network_out": "10",
                            "alerts.0.transfer_quota": "80",
                            "authorized_keys.#": "1",
                            "authorized_keys.0": "ssh-rsa AAAAB3NzaC1yc2EAAAADAQABAAACAQCxnmbiQtV6GPK3MLsDeOLgVUQ9o9dOQIT1UonaHE/E/QgBwc01ctCkJm+uZsGiwkOUG0Te7Fsq5PUxONebGpc3QGoe6Ioht5oCMttLjN1zYz3Gph7OydxViEAIbuUmwdCapgzBwrP5PS6W02qA8hZTMdPl+vBY8rsGwRxIfih/3WT+If+zTxbmXYkznthmk1qUKjC7I05aEYkoMqFIO4L3eSrY5m/poqMqHtKG5he9bwdT925nerNPLtjripvBlrNk3Isl1ivmvQ66KzX16+AsHlKwicELiOvDR4ZUWovegsZr70HD5anzzlU451kiXeSWZ0cmWlJ0jk57c/xYCI9ySmNEEAki7ABe654jhFw9DXERYZNDe+jhE6vMatAi6aI3DW7wUq+joTuBtIq1Hp2iWgVGQx2lhZ8ZZc+bhqT61RfOi+kTvg9BbswHGz8bG+ztwiXIaWWhMWn/1nkk0QwWJ9W/eSvDFvGVMpvjcWkZUFEKrLQtai1GnxFYSYw9GXjawMjoLyKLluq61uSBRTq9RIw5G+8j8/FAOlBuilK4oGLcKP3fObjT4Lx1EQAt/jZ7cd4bA6A3o9yVGgtyUly66Vzhe0UfqUKgFkKv7h0AOZJqvSnZ2XANji4VadH8T56Ld2/c2dQtvsL/xjxsP7X5FA0n1gnvQH2k8dvaDLO7Rw== jkobos@Linodes-MacBook-Pro.local",
                            "backups.#": "1",
                            "boot_config_label": "My Ubuntu 18.04 LTS Disk Profile",
                            "config.#": "1",
                            "config.0.comments": "",
                            "config.0.devices.#": "1",
                            "config.0.devices.0.sda.#": "1",
                            "config.0.devices.0.sda.0.disk_id": "26051874",
                            "config.0.devices.0.sda.0.disk_label": "Ubuntu 18.04 LTS Disk",
                            "config.0.devices.0.sda.0.volume_id": "0",
                            "config.0.devices.0.sdb.#": "1",
                            "config.0.devices.0.sdb.0.disk_id": "26051875",
                            "config.0.devices.0.sdb.0.disk_label": "512 MB Swap Image",
                            "config.0.devices.0.sdb.0.volume_id": "0",
                            "config.0.devices.0.sdc.#": "0",
                            "config.0.devices.0.sdd.#": "0",
                            "config.0.devices.0.sde.#": "0",
                            "config.0.devices.0.sdf.#": "0",
                            "config.0.devices.0.sdg.#": "0",
                            "config.0.devices.0.sdh.#": "0",
                            "config.0.helpers.#": "1",
                            "config.0.helpers.0.devtmpfs_automount": "true",
                            "config.0.helpers.0.distro": "true",
                            "config.0.helpers.0.modules_dep": "true",
                            "config.0.helpers.0.network": "true",
                            "config.0.helpers.0.updatedb_disabled": "true",
                            "config.0.kernel": "linode/grub2",
                            "config.0.label": "My Ubuntu 18.04 LTS Disk Profile",
                            "config.0.memory_limit": "0",
                            "config.0.root_device": "/dev/root",
                            "config.0.run_level": "default",
                            "config.0.virt_mode": "paravirt",
                            "disk.#": "2",
                            "disk.0.authorized_keys.#": "0",
                            "disk.0.authorized_users.#": "0",
                            "disk.0.filesystem": "ext4",
                            "disk.0.id": "26051874",
                            "disk.0.image": "",
                            "disk.0.label": "Ubuntu 18.04 LTS Disk",
                            "disk.0.read_only": "false",
                            "disk.0.root_pass": "",
                            "disk.0.size": "81408",
                            "disk.0.stackscript_data.%": "0",
                            "disk.0.stackscript_id": "0",
                            "disk.1.authorized_keys.#": "0",
                            "disk.1.authorized_users.#": "0",
                            "disk.1.filesystem": "swap",
                            "disk.1.id": "26051875",
                            "disk.1.image": "",
                            "disk.1.label": "512 MB Swap Image",
                            "disk.1.read_only": "false",
                            "disk.1.root_pass": "",
                            "disk.1.size": "512",
                            "disk.1.stackscript_data.%": "0",
                            "disk.1.stackscript_id": "0",
                            "group": "",
                            "id": "12423554",
                            "image": "linode/ubuntu18.04",
                            "ip_address": "50.116.51.87",
                            "ipv4.#": "1",
                            "ipv4.886410714": "50.116.51.87",
                            "ipv6": "2600:3c03::f03c:91ff:fe17:29df/64",
                            "label": "webserver-7",
                            "private_ip": "false",
                            "region": "us-east",
                            "root_pass": "3D2JGArLcrfprI8Vw8JdV8h+CeSCNXm+zTWzbAxsSnCkJDtvNmgaRoklU35dcB9Z4yIdzgEqpGWBD7Wryh1PIg==",
                            "specs.#": "1",
                            "specs.0.disk": "81920",
                            "specs.0.memory": "4096",
                            "specs.0.transfer": "4000",
                            "specs.0.vcpus": "2",
                            "status": "running",
                            "swap_size": "512",
                            "tags.#": "3",
                            "tags.2138091251": "web",
                            "tags.3285191008": "production",
                            "tags.535570215": "terraform",
                            "type": "g6-standard-2",
                            "watchdog_enabled": "true"
                        },
                        "meta": {
                            "e2bfb730-ecaa-11e6-8f88-34363bc7c4c0": {
                                "create": 600000000000,
                                "delete": 600000000000,
                                "update": 1200000000000
                            }
                        },
                        "tainted": false
                    },
                    "deposed": [],
                    "provider": "provider.linode"
                },
                "linode_instance.web.7": {
                    "type": "linode_instance",
                    "depends_on": [
                        "random_string.password"
                    ],
                    "primary": {
                        "id": "12423572",
                        "attributes": {
                            "alerts.#": "1",
                            "alerts.0.cpu": "90",
                            "alerts.0.io": "10000",
                            "alerts.0.network_in": "10",
                            "alerts.0.network_out": "10",
                            "alerts.0.transfer_quota": "80",
                            "authorized_keys.#": "1",
                            "authorized_keys.0": "ssh-rsa AAAAB3NzaC1yc2EAAAADAQABAAACAQCxnmbiQtV6GPK3MLsDeOLgVUQ9o9dOQIT1UonaHE/E/QgBwc01ctCkJm+uZsGiwkOUG0Te7Fsq5PUxONebGpc3QGoe6Ioht5oCMttLjN1zYz3Gph7OydxViEAIbuUmwdCapgzBwrP5PS6W02qA8hZTMdPl+vBY8rsGwRxIfih/3WT+If+zTxbmXYkznthmk1qUKjC7I05aEYkoMqFIO4L3eSrY5m/poqMqHtKG5he9bwdT925nerNPLtjripvBlrNk3Isl1ivmvQ66KzX16+AsHlKwicELiOvDR4ZUWovegsZr70HD5anzzlU451kiXeSWZ0cmWlJ0jk57c/xYCI9ySmNEEAki7ABe654jhFw9DXERYZNDe+jhE6vMatAi6aI3DW7wUq+joTuBtIq1Hp2iWgVGQx2lhZ8ZZc+bhqT61RfOi+kTvg9BbswHGz8bG+ztwiXIaWWhMWn/1nkk0QwWJ9W/eSvDFvGVMpvjcWkZUFEKrLQtai1GnxFYSYw9GXjawMjoLyKLluq61uSBRTq9RIw5G+8j8/FAOlBuilK4oGLcKP3fObjT4Lx1EQAt/jZ7cd4bA6A3o9yVGgtyUly66Vzhe0UfqUKgFkKv7h0AOZJqvSnZ2XANji4VadH8T56Ld2/c2dQtvsL/xjxsP7X5FA0n1gnvQH2k8dvaDLO7Rw== jkobos@Linodes-MacBook-Pro.local",
                            "backups.#": "1",
                            "boot_config_label": "My Ubuntu 18.04 LTS Disk Profile",
                            "config.#": "1",
                            "config.0.comments": "",
                            "config.0.devices.#": "1",
                            "config.0.devices.0.sda.#": "1",
                            "config.0.devices.0.sda.0.disk_id": "26051947",
                            "config.0.devices.0.sda.0.disk_label": "Ubuntu 18.04 LTS Disk",
                            "config.0.devices.0.sda.0.volume_id": "0",
                            "config.0.devices.0.sdb.#": "1",
                            "config.0.devices.0.sdb.0.disk_id": "26051948",
                            "config.0.devices.0.sdb.0.disk_label": "512 MB Swap Image",
                            "config.0.devices.0.sdb.0.volume_id": "0",
                            "config.0.devices.0.sdc.#": "0",
                            "config.0.devices.0.sdd.#": "0",
                            "config.0.devices.0.sde.#": "0",
                            "config.0.devices.0.sdf.#": "0",
                            "config.0.devices.0.sdg.#": "0",
                            "config.0.devices.0.sdh.#": "0",
                            "config.0.helpers.#": "1",
                            "config.0.helpers.0.devtmpfs_automount": "true",
                            "config.0.helpers.0.distro": "true",
                            "config.0.helpers.0.modules_dep": "true",
                            "config.0.helpers.0.network": "true",
                            "config.0.helpers.0.updatedb_disabled": "true",
                            "config.0.kernel": "linode/grub2",
                            "config.0.label": "My Ubuntu 18.04 LTS Disk Profile",
                            "config.0.memory_limit": "0",
                            "config.0.root_device": "/dev/root",
                            "config.0.run_level": "default",
                            "config.0.virt_mode": "paravirt",
                            "disk.#": "2",
                            "disk.0.authorized_keys.#": "0",
                            "disk.0.authorized_users.#": "0",
                            "disk.0.filesystem": "ext4",
                            "disk.0.id": "26051947",
                            "disk.0.image": "",
                            "disk.0.label": "Ubuntu 18.04 LTS Disk",
                            "disk.0.read_only": "false",
                            "disk.0.root_pass": "",
                            "disk.0.size": "81408",
                            "disk.0.stackscript_data.%": "0",
                            "disk.0.stackscript_id": "0",
                            "disk.1.authorized_keys.#": "0",
                            "disk.1.authorized_users.#": "0",
                            "disk.1.filesystem": "swap",
                            "disk.1.id": "26051948",
                            "disk.1.image": "",
                            "disk.1.label": "512 MB Swap Image",
                            "disk.1.read_only": "false",
                            "disk.1.root_pass": "",
                            "disk.1.size": "512",
                            "disk.1.stackscript_data.%": "0",
                            "disk.1.stackscript_id": "0",
                            "group": "",
                            "id": "12423572",
                            "image": "linode/ubuntu18.04",
                            "ip_address": "172.104.21.117",
                            "ipv4.#": "1",
                            "ipv4.647927827": "172.104.21.117",
                            "ipv6": "2600:3c03::f03c:91ff:fe17:29bd/64",
                            "label": "webserver-8",
                            "private_ip": "false",
                            "region": "us-east",
                            "root_pass": "3D2JGArLcrfprI8Vw8JdV8h+CeSCNXm+zTWzbAxsSnCkJDtvNmgaRoklU35dcB9Z4yIdzgEqpGWBD7Wryh1PIg==",
                            "specs.#": "1",
                            "specs.0.disk": "81920",
                            "specs.0.memory": "4096",
                            "specs.0.transfer": "4000",
                            "specs.0.vcpus": "2",
                            "status": "running",
                            "swap_size": "512",
                            "tags.#": "3",
                            "tags.2138091251": "web",
                            "tags.3285191008": "production",
                            "tags.535570215": "terraform",
                            "type": "g6-standard-2",
                            "watchdog_enabled": "true"
                        },
                        "meta": {
                            "e2bfb730-ecaa-11e6-8f88-34363bc7c4c0": {
                                "create": 600000000000,
                                "delete": 600000000000,
                                "update": 1200000000000
                            }
                        },
                        "tainted": false
                    },
                    "deposed": [],
                    "provider": "provider.linode"
                },
                "linode_instance.web.8": {
                    "type": "linode_instance",
                    "depends_on": [
                        "random_string.password"
                    ],
                    "primary": {
                        "id": "12423570",
                        "attributes": {
                            "alerts.#": "1",
                            "alerts.0.cpu": "90",
                            "alerts.0.io": "10000",
                            "alerts.0.network_in": "10",
                            "alerts.0.network_out": "10",
                            "alerts.0.transfer_quota": "80",
                            "authorized_keys.#": "1",
                            "authorized_keys.0": "ssh-rsa AAAAB3NzaC1yc2EAAAADAQABAAACAQCxnmbiQtV6GPK3MLsDeOLgVUQ9o9dOQIT1UonaHE/E/QgBwc01ctCkJm+uZsGiwkOUG0Te7Fsq5PUxONebGpc3QGoe6Ioht5oCMttLjN1zYz3Gph7OydxViEAIbuUmwdCapgzBwrP5PS6W02qA8hZTMdPl+vBY8rsGwRxIfih/3WT+If+zTxbmXYkznthmk1qUKjC7I05aEYkoMqFIO4L3eSrY5m/poqMqHtKG5he9bwdT925nerNPLtjripvBlrNk3Isl1ivmvQ66KzX16+AsHlKwicELiOvDR4ZUWovegsZr70HD5anzzlU451kiXeSWZ0cmWlJ0jk57c/xYCI9ySmNEEAki7ABe654jhFw9DXERYZNDe+jhE6vMatAi6aI3DW7wUq+joTuBtIq1Hp2iWgVGQx2lhZ8ZZc+bhqT61RfOi+kTvg9BbswHGz8bG+ztwiXIaWWhMWn/1nkk0QwWJ9W/eSvDFvGVMpvjcWkZUFEKrLQtai1GnxFYSYw9GXjawMjoLyKLluq61uSBRTq9RIw5G+8j8/FAOlBuilK4oGLcKP3fObjT4Lx1EQAt/jZ7cd4bA6A3o9yVGgtyUly66Vzhe0UfqUKgFkKv7h0AOZJqvSnZ2XANji4VadH8T56Ld2/c2dQtvsL/xjxsP7X5FA0n1gnvQH2k8dvaDLO7Rw== jkobos@Linodes-MacBook-Pro.local",
                            "backups.#": "1",
                            "boot_config_label": "My Ubuntu 18.04 LTS Disk Profile",
                            "config.#": "1",
                            "config.0.comments": "",
                            "config.0.devices.#": "1",
                            "config.0.devices.0.sda.#": "1",
                            "config.0.devices.0.sda.0.disk_id": "26051943",
                            "config.0.devices.0.sda.0.disk_label": "Ubuntu 18.04 LTS Disk",
                            "config.0.devices.0.sda.0.volume_id": "0",
                            "config.0.devices.0.sdb.#": "1",
                            "config.0.devices.0.sdb.0.disk_id": "26051944",
                            "config.0.devices.0.sdb.0.disk_label": "512 MB Swap Image",
                            "config.0.devices.0.sdb.0.volume_id": "0",
                            "config.0.devices.0.sdc.#": "0",
                            "config.0.devices.0.sdd.#": "0",
                            "config.0.devices.0.sde.#": "0",
                            "config.0.devices.0.sdf.#": "0",
                            "config.0.devices.0.sdg.#": "0",
                            "config.0.devices.0.sdh.#": "0",
                            "config.0.helpers.#": "1",
                            "config.0.helpers.0.devtmpfs_automount": "true",
                            "config.0.helpers.0.distro": "true",
                            "config.0.helpers.0.modules_dep": "true",
                            "config.0.helpers.0.network": "true",
                            "config.0.helpers.0.updatedb_disabled": "true",
                            "config.0.kernel": "linode/grub2",
                            "config.0.label": "My Ubuntu 18.04 LTS Disk Profile",
                            "config.0.memory_limit": "0",
                            "config.0.root_device": "/dev/root",
                            "config.0.run_level": "default",
                            "config.0.virt_mode": "paravirt",
                            "disk.#": "2",
                            "disk.0.authorized_keys.#": "0",
                            "disk.0.authorized_users.#": "0",
                            "disk.0.filesystem": "ext4",
                            "disk.0.id": "26051943",
                            "disk.0.image": "",
                            "disk.0.label": "Ubuntu 18.04 LTS Disk",
                            "disk.0.read_only": "false",
                            "disk.0.root_pass": "",
                            "disk.0.size": "81408",
                            "disk.0.stackscript_data.%": "0",
                            "disk.0.stackscript_id": "0",
                            "disk.1.authorized_keys.#": "0",
                            "disk.1.authorized_users.#": "0",
                            "disk.1.filesystem": "swap",
                            "disk.1.id": "26051944",
                            "disk.1.image": "",
                            "disk.1.label": "512 MB Swap Image",
                            "disk.1.read_only": "false",
                            "disk.1.root_pass": "",
                            "disk.1.size": "512",
                            "disk.1.stackscript_data.%": "0",
                            "disk.1.stackscript_id": "0",
                            "group": "",
                            "id": "12423570",
                            "image": "linode/ubuntu18.04",
                            "ip_address": "45.79.175.31",
                            "ipv4.#": "1",
                            "ipv4.464091141": "45.79.175.31",
                            "ipv6": "2600:3c03::f03c:91ff:fe17:29da/64",
                            "label": "webserver-9",
                            "private_ip": "false",
                            "region": "us-east",
                            "root_pass": "3D2JGArLcrfprI8Vw8JdV8h+CeSCNXm+zTWzbAxsSnCkJDtvNmgaRoklU35dcB9Z4yIdzgEqpGWBD7Wryh1PIg==",
                            "specs.#": "1",
                            "specs.0.disk": "81920",
                            "specs.0.memory": "4096",
                            "specs.0.transfer": "4000",
                            "specs.0.vcpus": "2",
                            "status": "running",
                            "swap_size": "512",
                            "tags.#": "3",
                            "tags.2138091251": "web",
                            "tags.3285191008": "production",
                            "tags.535570215": "terraform",
                            "type": "g6-standard-2",
                            "watchdog_enabled": "true"
                        },
                        "meta": {
                            "e2bfb730-ecaa-11e6-8f88-34363bc7c4c0": {
                                "create": 600000000000,
                                "delete": 600000000000,
                                "update": 1200000000000
                            }
                        },
                        "tainted": false
                    },
                    "deposed": [],
                    "provider": "provider.linode"
                },
                "linode_instance.web.9": {
                    "type": "linode_instance",
                    "depends_on": [
                        "random_string.password"
                    ],
                    "primary": {
                        "id": "12423559",
                        "attributes": {
                            "alerts.#": "1",
                            "alerts.0.cpu": "90",
                            "alerts.0.io": "10000",
                            "alerts.0.network_in": "10",
                            "alerts.0.network_out": "10",
                            "alerts.0.transfer_quota": "80",
                            "authorized_keys.#": "1",
                            "authorized_keys.0": "ssh-rsa AAAAB3NzaC1yc2EAAAADAQABAAACAQCxnmbiQtV6GPK3MLsDeOLgVUQ9o9dOQIT1UonaHE/E/QgBwc01ctCkJm+uZsGiwkOUG0Te7Fsq5PUxONebGpc3QGoe6Ioht5oCMttLjN1zYz3Gph7OydxViEAIbuUmwdCapgzBwrP5PS6W02qA8hZTMdPl+vBY8rsGwRxIfih/3WT+If+zTxbmXYkznthmk1qUKjC7I05aEYkoMqFIO4L3eSrY5m/poqMqHtKG5he9bwdT925nerNPLtjripvBlrNk3Isl1ivmvQ66KzX16+AsHlKwicELiOvDR4ZUWovegsZr70HD5anzzlU451kiXeSWZ0cmWlJ0jk57c/xYCI9ySmNEEAki7ABe654jhFw9DXERYZNDe+jhE6vMatAi6aI3DW7wUq+joTuBtIq1Hp2iWgVGQx2lhZ8ZZc+bhqT61RfOi+kTvg9BbswHGz8bG+ztwiXIaWWhMWn/1nkk0QwWJ9W/eSvDFvGVMpvjcWkZUFEKrLQtai1GnxFYSYw9GXjawMjoLyKLluq61uSBRTq9RIw5G+8j8/FAOlBuilK4oGLcKP3fObjT4Lx1EQAt/jZ7cd4bA6A3o9yVGgtyUly66Vzhe0UfqUKgFkKv7h0AOZJqvSnZ2XANji4VadH8T56Ld2/c2dQtvsL/xjxsP7X5FA0n1gnvQH2k8dvaDLO7Rw== jkobos@Linodes-MacBook-Pro.local",
                            "backups.#": "1",
                            "boot_config_label": "My Ubuntu 18.04 LTS Disk Profile",
                            "config.#": "1",
                            "config.0.comments": "",
                            "config.0.devices.#": "1",
                            "config.0.devices.0.sda.#": "1",
                            "config.0.devices.0.sda.0.disk_id": "26051882",
                            "config.0.devices.0.sda.0.disk_label": "Ubuntu 18.04 LTS Disk",
                            "config.0.devices.0.sda.0.volume_id": "0",
                            "config.0.devices.0.sdb.#": "1",
                            "config.0.devices.0.sdb.0.disk_id": "26051883",
                            "config.0.devices.0.sdb.0.disk_label": "512 MB Swap Image",
                            "config.0.devices.0.sdb.0.volume_id": "0",
                            "config.0.devices.0.sdc.#": "0",
                            "config.0.devices.0.sdd.#": "0",
                            "config.0.devices.0.sde.#": "0",
                            "config.0.devices.0.sdf.#": "0",
                            "config.0.devices.0.sdg.#": "0",
                            "config.0.devices.0.sdh.#": "0",
                            "config.0.helpers.#": "1",
                            "config.0.helpers.0.devtmpfs_automount": "true",
                            "config.0.helpers.0.distro": "true",
                            "config.0.helpers.0.modules_dep": "true",
                            "config.0.helpers.0.network": "true",
                            "config.0.helpers.0.updatedb_disabled": "true",
                            "config.0.kernel": "linode/grub2",
                            "config.0.label": "My Ubuntu 18.04 LTS Disk Profile",
                            "config.0.memory_limit": "0",
                            "config.0.root_device": "/dev/root",
                            "config.0.run_level": "default",
                            "config.0.virt_mode": "paravirt",
                            "disk.#": "2",
                            "disk.0.authorized_keys.#": "0",
                            "disk.0.authorized_users.#": "0",
                            "disk.0.filesystem": "ext4",
                            "disk.0.id": "26051882",
                            "disk.0.image": "",
                            "disk.0.label": "Ubuntu 18.04 LTS Disk",
                            "disk.0.read_only": "false",
                            "disk.0.root_pass": "",
                            "disk.0.size": "81408",
                            "disk.0.stackscript_data.%": "0",
                            "disk.0.stackscript_id": "0",
                            "disk.1.authorized_keys.#": "0",
                            "disk.1.authorized_users.#": "0",
                            "disk.1.filesystem": "swap",
                            "disk.1.id": "26051883",
                            "disk.1.image": "",
                            "disk.1.label": "512 MB Swap Image",
                            "disk.1.read_only": "false",
                            "disk.1.root_pass": "",
                            "disk.1.size": "512",
                            "disk.1.stackscript_data.%": "0",
                            "disk.1.stackscript_id": "0",
                            "group": "",
                            "id": "12423559",
                            "image": "linode/ubuntu18.04",
                            "ip_address": "45.33.79.73",
                            "ipv4.#": "1",
                            "ipv4.1992867727": "45.33.79.73",
                            "ipv6": "2600:3c03::f03c:91ff:fe17:290d/64",
                            "label": "webserver-10",
                            "private_ip": "false",
                            "region": "us-east",
                            "root_pass": "3D2JGArLcrfprI8Vw8JdV8h+CeSCNXm+zTWzbAxsSnCkJDtvNmgaRoklU35dcB9Z4yIdzgEqpGWBD7Wryh1PIg==",
                            "specs.#": "1",
                            "specs.0.disk": "81920",
                            "specs.0.memory": "4096",
                            "specs.0.transfer": "4000",
                            "specs.0.vcpus": "2",
                            "status": "running",
                            "swap_size": "512",
                            "tags.#": "3",
                            "tags.2138091251": "web",
                            "tags.3285191008": "production",
                            "tags.535570215": "terraform",
                            "type": "g6-standard-2",
                            "watchdog_enabled": "true"
                        },
                        "meta": {
                            "e2bfb730-ecaa-11e6-8f88-34363bc7c4c0": {
                                "create": 600000000000,
                                "delete": 600000000000,
                                "update": 1200000000000
                            }
                        },
                        "tainted": false
                    },
                    "deposed": [],
                    "provider": "provider.linode"
                },
                "linode_nodebalancer.nodebalancer": {
                    "type": "linode_nodebalancer",
                    "depends_on": [],
                    "primary": {
                        "id": "43371",
                        "attributes": {
                            "client_conn_throttle": "0",
                            "created": "2019-01-18T18:29:57Z",
                            "hostname": "nb-104-237-148-85.newark.nodebalancer.linode.com",
                            "id": "43371",
                            "ipv4": "104.237.148.85",
                            "ipv6": "2600:3c03:1::68ed:9455",
                            "label": "nodebalancer-terraform",
                            "region": "us-east",
                            "tags.#": "0",
                            "transfer.%": "3",
                            "transfer.in": "",
                            "transfer.out": "",
                            "transfer.total": "",
                            "updated": "2019-01-18T18:29:57Z"
                        },
                        "meta": {},
                        "tainted": false
                    },
                    "deposed": [],
                    "provider": "provider.linode"
                },
                "linode_nodebalancer_config.nb-config": {
                    "type": "linode_nodebalancer_config",
                    "depends_on": [
                        "linode_nodebalancer.nodebalancer"
                    ],
                    "primary": {
                        "id": "38047",
                        "attributes": {
                            "algorithm": "roundrobin",
                            "check": "http_body",
                            "check_attempts": "30",
                            "check_body": "healthcheck",
                            "check_interval": "30",
                            "check_passive": "true",
                            "check_path": "/healthcheck/",
                            "check_timeout": "25",
                            "cipher_suite": "recommended",
                            "id": "38047",
                            "node_status.%": "2",
                            "node_status.down": "0",
                            "node_status.up": "0",
                            "nodebalancer_id": "43371",
                            "port": "80",
                            "protocol": "http",
                            "ssl_commonname": "",
                            "ssl_fingerprint": "",
                            "ssl_key": "",
                            "stickiness": "http_cookie"
                        },
                        "meta": {},
                        "tainted": false
                    },
                    "deposed": [],
                    "provider": "provider.linode"
                },
                "linode_nodebalancer_node.nb-node.0": {
                    "type": "linode_nodebalancer_node",
                    "depends_on": [
                        "linode_instance.base-linode.*",
                        "linode_nodebalancer.nodebalancer",
                        "linode_nodebalancer_config.nb-config"
                    ],
                    "primary": {
                        "id": "336266",
                        "attributes": {
                            "address": "192.168.202.127:80",
                            "config_id": "38047",
                            "id": "336266",
                            "label": "node-1",
                            "mode": "accept",
                            "nodebalancer_id": "43371",
                            "status": "Unknown",
                            "weight": "50"
                        },
                        "meta": {},
                        "tainted": false
                    },
                    "deposed": [],
                    "provider": "provider.linode"
                },
                "linode_nodebalancer_node.nb-node.1": {
                    "type": "linode_nodebalancer_node",
                    "depends_on": [
                        "linode_instance.base-linode.*",
                        "linode_nodebalancer.nodebalancer",
                        "linode_nodebalancer_config.nb-config"
                    ],
                    "primary": {
                        "id": "336265",
                        "attributes": {
                            "address": "192.168.176.44:80",
                            "config_id": "38047",
                            "id": "336265",
                            "label": "node-2",
                            "mode": "accept",
                            "nodebalancer_id": "43371",
                            "status": "Unknown",
                            "weight": "50"
                        },
                        "meta": {},
                        "tainted": false
                    },
                    "deposed": [],
                    "provider": "provider.linode"
                },
                "random_string.password": {
                    "type": "random_string",
                    "depends_on": [],
                    "primary": {
                        "id": "none",
                        "attributes": {
                            "id": "none",
                            "length": "32",
                            "lower": "true",
                            "min_lower": "0",
                            "min_numeric": "0",
                            "min_special": "0",
                            "min_upper": "0",
                            "number": "true",
                            "result": "07fubjwNhJ]!9%A*\u003elE\u003eJ9SKf6E_?Gge",
                            "special": "true",
                            "upper": "true"
                        },
                        "meta": {
                            "schema_version": "1"
                        },
                        "tainted": false
                    },
                    "deposed": [],
                    "provider": "provider.random"
                }
            },
            "depends_on": []
        }
    ]
}
